# THIS IS AN AUTOGENERATED FILE. DO NOT EDIT THIS FILE DIRECTLY.
# yarn lockfile v1


"@angular/core@4.4.6":
  version "4.4.6"
  resolved "https://registry.npmjs.org/@angular/core/-/core-4.4.6.tgz"
  integrity sha512-n07a/ePLb/hYlwzi2L2QC+nXXZACzE/dvM5PnUAyYOKg6mq/fwKnRIU0gV/lxl9CNiLfeNsAbWQ8jxBZ+BP5lg==
  dependencies:
    tslib "^1.7.1"

ngx-sweetalert2@^0.2.7:
  version "0.2.7"
  resolved "https://registry.npmjs.org/ngx-sweetalert2/-/ngx-sweetalert2-0.2.7.tgz"
  integrity sha512-86GkhzGYbae5A1TMgDW6uMWkq76NwZRdd5UNjgXGXGSYjcJARI0BnuGfqax84uj0fvJk95BI/jUPlZX7psauYg==
  dependencies:
    "@angular/core" "4.4.6"
    sweetalert2 "^6.11.5"

rxjs@^5.0.1:
  version "5.5.12"
  resolved "https://registry.npmjs.org/rxjs/-/rxjs-5.5.12.tgz"
  integrity sha512-xx2itnL5sBbqeeiVgNPVuQQ1nC8Jp2WfNJhXWHmElW9YmrpS9UVnNzhP3EH3HFqexO5Tlp8GhYY+WEcqcVMvGw==
  dependencies:
    symbol-observable "1.0.1"

sweetalert2@^11.22.0:
  version "11.22.0"
  resolved "https://registry.npmjs.org/sweetalert2/-/sweetalert2-11.22.0.tgz"
  integrity sha512-pSMuRGDULhh+wrFkO22O0YsIXxs8yFE0O+WVYXcqc/sTa1oRnf0JlR+vfQIRY1QM1UeFfnCjyw6DYnG75/oxiQ==

sweetalert2@^6.11.5:
  version "6.11.5"
  resolved "https://registry.npmjs.org/sweetalert2/-/sweetalert2-6.11.5.tgz"
  integrity sha512-8Otu1SlWGS/u3e31cOg+uqrwyoQbByEScKp7UupmCfwEZE9St3coO1e6CXv83YzZtzdDgowdK1hBPKPW7SRp4Q==

symbol-observable@1.0.1:
  version "1.0.1"
  resolved "https://registry.npmjs.org/symbol-observable/-/symbol-observable-1.0.1.tgz"
  integrity sha512-Kb3PrPYz4HanVF1LVGuAdW6LoVgIwjUYJGzFe7NDrBLCN4lsV/5J0MFurV+ygS4bRVwrCEt2c7MQ1R2a72oJDw==

tslib@^1.7.1:
  version "1.14.1"
  resolved "https://registry.npmjs.org/tslib/-/tslib-1.14.1.tgz"
  integrity sha512-Xni35NKzjgMrwevysHTCArtLDpPvye8zV/0E4EyYn43P7/7qvQwPh9BGkHewbMulVntbigmcT7rdX3BNo9wRJg==

zone.js@^0.8.4:
  version "0.8.29"
  resolved "https://registry.npmjs.org/zone.js/-/zone.js-0.8.29.tgz"
  integrity sha512-mla2acNCMkWXBD+c+yeUrBUrzOxYMNFdQ6FGfigGGtEVBPJx07BQeJekjt9DmH1FtZek4E9rE1eRR9qQpxACOQ==
